{
  "name": "wordgen",
  "version": "1.0.0",
  "lockfileVersion": 3,
  "requires": true,
  "packages": {
    "": {
      "name": "wordgen",
      "version": "1.0.0",
      "license": "ISC",
      "dependencies": {
        "@types/adm-zip": "^0.5.7",
        "@types/node": "^22.13.14",
        "adm-zip": "^0.5.16",
        "an-array-of-english-words": "^2.0.0",
        "fast-levenshtein": "^3.0.0",
        "fastest-levenshtein": "^1.0.16",
        "random-word-generator": "^0.9.9",
        "serialize-javascript": "^6.0.2"
      }
    },
    "node_modules/@types/adm-zip": {
      "version": "0.5.7",
      "resolved": "https://registry.npmjs.org/@types/adm-zip/-/adm-zip-0.5.7.tgz",
      "integrity": "sha512-DNEs/QvmyRLurdQPChqq0Md4zGvPwHerAJYWk9l2jCbD1VPpnzRJorOdiq4zsw09NFbYnhfsoEhWtxIzXpn2yw==",
      "license": "MIT",
      "dependencies": {
        "@types/node": "*"
      }
    },
    "node_modules/@types/node": {
      "version": "22.13.14",
      "resolved": "https://registry.npmjs.org/@types/node/-/node-22.13.14.tgz",
      "integrity": "sha512-Zs/Ollc1SJ8nKUAgc7ivOEdIBM8JAKgrqqUYi2J997JuKO7/tpQC+WCetQ1sypiKCQWHdvdg9wBNpUPEWZae7w==",
      "license": "MIT",
      "dependencies": {
        "undici-types": "~6.20.0"
      }
    },
    "node_modules/adm-zip": {
      "version": "0.5.16",
      "resolved": "https://registry.npmjs.org/adm-zip/-/adm-zip-0.5.16.tgz",
      "integrity": "sha512-TGw5yVi4saajsSEgz25grObGHEUaDrniwvA2qwSC060KfqGPdglhvPMA2lPIoxs3PQIItj2iag35fONcQqgUaQ==",
      "license": "MIT",
      "engines": {
        "node": ">=12.0"
      }
    },
    "node_modules/an-array-of-english-words": {
      "version": "2.0.0",
      "resolved": "https://registry.npmjs.org/an-array-of-english-words/-/an-array-of-english-words-2.0.0.tgz",
      "integrity": "sha512-FXnNvZSOI27kkKXeLSquhaTGP7z198UOQ4txaYO9fCfrjCh+D5SV7G7XqzEH0229+pAi4cjBEZ4WIQYgjKtO7Q==",
      "license": "MIT",
      "bin": {
        "an-array-of-english-words": "cli.js",
        "words": "cli.js"
      }
    },
    "node_modules/fast-levenshtein": {
      "version": "3.0.0",
      "resolved": "https://registry.npmjs.org/fast-levenshtein/-/fast-levenshtein-3.0.0.tgz",
      "integrity": "sha512-hKKNajm46uNmTlhHSyZkmToAc56uZJwYq7yrciZjqOxnlfQwERDQJmHPUp7m1m9wx8vgOe8IaCKZ5Kv2k1DdCQ==",
      "license": "MIT",
      "dependencies": {
        "fastest-levenshtein": "^1.0.7"
      }
    },
    "node_modules/fastest-levenshtein": {
      "version": "1.0.16",
      "resolved": "https://registry.npmjs.org/fastest-levenshtein/-/fastest-levenshtein-1.0.16.tgz",
      "integrity": "sha512-eRnCtTTtGZFpQCwhJiUOuxPQWRXVKYDn0b2PeHfXL6/Zi53SLAzAHfVhVWK2AryC/WH05kGfxhFIPvTF0SXQzg==",
      "license": "MIT",
      "engines": {
        "node": ">= 4.9.1"
      }
    },
    "node_modules/random-word-generator": {
      "version": "0.9.9",
      "resolved": "https://registry.npmjs.org/random-word-generator/-/random-word-generator-0.9.9.tgz",
      "integrity": "sha512-RhbZlcadaI0MCeq8/093fWRWYunMnJvO3dgcRWgfs7m6Eag4IAKTg5S+SX8JxpSWn2huT/h66wJ4SCl/d03kOA==",
      "license": "MIT"
    },
    "node_modules/randombytes": {
      "version": "2.1.0",
      "resolved": "https://registry.npmjs.org/randombytes/-/randombytes-2.1.0.tgz",
      "integrity": "sha512-vYl3iOX+4CKUWuxGi9Ukhie6fsqXqS9FE2Zaic4tNFD2N2QQaXOMFbuKK4QmDHC0JO6B1Zp41J0LpT0oR68amQ==",
      "license": "MIT",
      "dependencies": {
        "safe-buffer": "^5.1.0"
      }
    },
    "node_modules/safe-buffer": {
      "version": "5.2.1",
      "resolved": "https://registry.npmjs.org/safe-buffer/-/safe-buffer-5.2.1.tgz",
      "integrity": "sha512-rp3So07KcdmmKbGvgaNxQSJr7bGVSVk5S9Eq1F+ppbRo70+YeaDxkw5Dd8NPN+GD6bjnYm2VuPuCXmpuYvmCXQ==",
      "funding": [
        {
          "type": "github",
          "url": "https://github.com/sponsors/feross"
        },
        {
          "type": "patreon",
          "url": "https://www.patreon.com/feross"
        },
        {
          "type": "consulting",
          "url": "https://feross.org/support"
        }
      ],
      "license": "MIT"
    },
    "node_modules/serialize-javascript": {
      "version": "6.0.2",
      "resolved": "https://registry.npmjs.org/serialize-javascript/-/serialize-javascript-6.0.2.tgz",
      "integrity": "sha512-Saa1xPByTTq2gdeFZYLLo+RFE35NHZkAbqZeWNd3BpzppeVisAqpDjcp8dyf6uIvEqJRd46jemmyA4iFIeVk8g==",
      "license": "BSD-3-Clause",
      "dependencies": {
        "randombytes": "^2.1.0"
      }
    },
    "node_modules/undici-types": {
      "version": "6.20.0",
      "resolved": "https://registry.npmjs.org/undici-types/-/undici-types-6.20.0.tgz",
      "integrity": "sha512-Ny6QZ2Nju20vw1SRHe3d9jVu6gJ+4e3+MMpqu7pqE5HT6WsTSlce++GQmK5UXS8mzV8DSYHrQH+Xrf2jVcuKNg==",
      "license": "MIT"
    }
  }
}
